
Microsoft Visual Studio Solution File, Format Version 12.00
# Visual Studio 15
VisualStudioVersion = 15.0.28307.168
MinimumVisualStudioVersion = 10.0.40219.1
Project("{FAE04EC0-301F-11D3-BF4B-00C04F79EFBC}") = "Library.Presentation", "Library.Presentation.csproj", "{904B5F3E-007D-4F8D-BF8C-0A4203BC0BF9}"
EndProject
Project("{FAE04EC0-301F-11D3-BF4B-00C04F79EFBC}") = "Library.Data", "..\Library.Data\Library.Data.csproj", "{410E015E-AAA3-4D80-A012-B26C2E0C08FD}"
EndProject
Project("{FAE04EC0-301F-11D3-BF4B-00C04F79EFBC}") = "Library.Domain", "..\Library.Domain\Library.Domain.csproj", "{4E259083-62A8-465B-8656-E0CF219BF05C}"
EndProject
Project("{FAE04EC0-301F-11D3-BF4B-00C04F79EFBC}") = "Library.Infrastructure", "..\Library.Infrastructure\Library.Infrastructure.csproj", "{BE9738FB-0636-4765-9D3B-A57CCF547C65}"
EndProject
Global
	GlobalSection(SolutionConfigurationPlatforms) = preSolution
		Debug|Any CPU = Debug|Any CPU
		Release|Any CPU = Release|Any CPU
	EndGlobalSection
	GlobalSection(ProjectConfigurationPlatforms) = postSolution
		{904B5F3E-007D-4F8D-BF8C-0A4203BC0BF9}.Debug|Any CPU.ActiveCfg = Debug|Any CPU
		{904B5F3E-007D-4F8D-BF8C-0A4203BC0BF9}.Debug|Any CPU.Build.0 = Debug|Any CPU
		{904B5F3E-007D-4F8D-BF8C-0A4203BC0BF9}.Release|Any CPU.ActiveCfg = Release|Any CPU
		{904B5F3E-007D-4F8D-BF8C-0A4203BC0BF9}.Release|Any CPU.Build.0 = Release|Any CPU
		{410E015E-AAA3-4D80-A012-B26C2E0C08FD}.Debug|Any CPU.ActiveCfg = Debug|Any CPU
		{410E015E-AAA3-4D80-A012-B26C2E0C08FD}.Debug|Any CPU.Build.0 = Debug|Any CPU
		{410E015E-AAA3-4D80-A012-B26C2E0C08FD}.Release|Any CPU.ActiveCfg = Release|Any CPU
		{410E015E-AAA3-4D80-A012-B26C2E0C08FD}.Release|Any CPU.Build.0 = Release|Any CPU
		{4E259083-62A8-465B-8656-E0CF219BF05C}.Debug|Any CPU.ActiveCfg = Debug|Any CPU
		{4E259083-62A8-465B-8656-E0CF219BF05C}.Debug|Any CPU.Build.0 = Debug|Any CPU
		{4E259083-62A8-465B-8656-E0CF219BF05C}.Release|Any CPU.ActiveCfg = Release|Any CPU
		{4E259083-62A8-465B-8656-E0CF219BF05C}.Release|Any CPU.Build.0 = Release|Any CPU
		{BE9738FB-0636-4765-9D3B-A57CCF547C65}.Debug|Any CPU.ActiveCfg = Debug|Any CPU
		{BE9738FB-0636-4765-9D3B-A57CCF547C65}.Debug|Any CPU.Build.0 = Debug|Any CPU
		{BE9738FB-0636-4765-9D3B-A57CCF547C65}.Release|Any CPU.ActiveCfg = Release|Any CPU
		{BE9738FB-0636-4765-9D3B-A57CCF547C65}.Release|Any CPU.Build.0 = Release|Any CPU
	EndGlobalSection
	GlobalSection(SolutionProperties) = preSolution
		HideSolutionNode = FALSE
	EndGlobalSection
	GlobalSection(ExtensibilityGlobals) = postSolution
		SolutionGuid = {9D9965DE-90A7-4AC9-BF01-472C197BFFB4}
	EndGlobalSection
EndGlobal
